
Microsoft Visual Studio Solution File, Format Version 12.00
# Visual Studio Version 17
VisualStudioVersion = 17.0.32126.317
MinimumVisualStudioVersion = 10.0.40219.1
Project("{FAE04EC0-301F-11D3-BF4B-00C04F79EFBC}") = "TraSuaLamss", "TraSuaLamss\TraSuaLamss.csproj", "{4AB2C508-33FE-4B7D-B95C-FB9B602CCF67}"
EndProject
Global
	GlobalSection(SolutionConfigurationPlatforms) = preSolution
		Debug|Any CPU = Debug|Any CPU
		Release|Any CPU = Release|Any CPU
	EndGlobalSection
	GlobalSection(ProjectConfigurationPlatforms) = postSolution
		{4AB2C508-33FE-4B7D-B95C-FB9B602CCF67}.Debug|Any CPU.ActiveCfg = Debug|Any CPU
		{4AB2C508-33FE-4B7D-B95C-FB9B602CCF67}.Debug|Any CPU.Build.0 = Debug|Any CPU
		{4AB2C508-33FE-4B7D-B95C-FB9B602CCF67}.Release|Any CPU.ActiveCfg = Release|Any CPU
		{4AB2C508-33FE-4B7D-B95C-FB9B602CCF67}.Release|Any CPU.Build.0 = Release|Any CPU
	EndGlobalSection
	GlobalSection(SolutionProperties) = preSolution
		HideSolutionNode = FALSE
	EndGlobalSection
	GlobalSection(ExtensibilityGlobals) = postSolution
		SolutionGuid = {1125ACD2-6AA8-480E-95D3-2B8DD0821E1B}
	EndGlobalSection
EndGlobal
